# THIS IS AN AUTOGENERATED FILE. DO NOT EDIT THIS FILE DIRECTLY.
# yarn lockfile v1


"traverse@":
  "integrity" "sha512-/y956gpUo9ZNCb99YjxG7OaslxZWHfCHAUUfshwqOXmxUIvqLjVO581BT+gM59+QV9tFe6/CGG53tsA1Y7RSdg=="
  "resolved" "https://registry.npmjs.org/traverse/-/traverse-0.6.7.tgz"
  "version" "0.6.7"
